
Microsoft Visual Studio Solution File, Format Version 12.00
# Visual Studio 14
VisualStudioVersion = 14.0.23107.0
MinimumVisualStudioVersion = 10.0.40219.1
Project("{2150E333-8FDC-42A3-9474-1A3956D46DE8}") = "Core", "Core", "{6561CA17-AD56-4ABE-BBE2-AC062BD13E81}"
EndProject
Project("{D954291E-2A0B-460D-934E-DC6B0785DB48}") = "Core.Domain", "Core.Domain\Core.Domain.shproj", "{A1C0AAAE-F0F2-4E42-8F95-E81EC5D7BBAC}"
EndProject
Project("{D954291E-2A0B-460D-934E-DC6B0785DB48}") = "Core.Application", "Core.Application\Core.Application.shproj", "{B774A14D-1C66-4A79-A303-4DA633D1B7E8}"
EndProject
Project("{2150E333-8FDC-42A3-9474-1A3956D46DE8}") = "Infrastructure", "Infrastructure", "{3AE6D262-A880-4BD8-A68F-E462FBE72E95}"
EndProject
Project("{D954291E-2A0B-460D-934E-DC6B0785DB48}") = "Infrastructure.IoC", "Infrastructure.IoC\Infrastructure.IoC.shproj", "{64243BD5-BB8E-4D47-BC91-3F22378B567A}"
EndProject
Project("{D954291E-2A0B-460D-934E-DC6B0785DB48}") = "Infrastructure.SQLite", "Infrastructure.SQLite\Infrastructure.SQLite.shproj", "{5B2FB738-30BD-4B12-81BF-0B6A2544AB84}"
EndProject
Project("{2150E333-8FDC-42A3-9474-1A3956D46DE8}") = "Presentation", "Presentation", "{0DE0F1B1-59DD-4AED-A505-A13F454B0FC9}"
EndProject
Project("{FAE04EC0-301F-11D3-BF4B-00C04F79EFBC}") = "Presentation.Droid", "Presentation.Droid\Presentation.Droid.csproj", "{6FE2618E-500C-4FB3-9C5B-FB64FACF9182}"
EndProject
Project("{D954291E-2A0B-460D-934E-DC6B0785DB48}") = "Infrastructure.Settings", "Infrastructure.Settings\Infrastructure.Settings.shproj", "{1E30F2C5-C0BC-47EF-A0DB-FE435F5298ED}"
EndProject
Project("{FAE04EC0-301F-11D3-BF4B-00C04F79EFBC}") = "Presentation.iOS", "Presentation.iOS\Presentation.iOS.csproj", "{A9C14B11-320A-46CD-B7DC-3273C795FF60}"
EndProject
Global
	GlobalSection(SharedMSBuildProjectFiles) = preSolution
		Infrastructure.SQLite\Infrastructure.SQLite.projitems*{a9c14b11-320a-46cd-b7dc-3273c795ff60}*SharedItemsImports = 4
		Core.Domain\Core.Domain.projitems*{a9c14b11-320a-46cd-b7dc-3273c795ff60}*SharedItemsImports = 4
		Infrastructure.Settings\Infrastructure.Settings.projitems*{a9c14b11-320a-46cd-b7dc-3273c795ff60}*SharedItemsImports = 4
		Infrastructure.IoC\Infrastructure.IoC.projitems*{a9c14b11-320a-46cd-b7dc-3273c795ff60}*SharedItemsImports = 4
		Core.Application\Core.Application.projitems*{a9c14b11-320a-46cd-b7dc-3273c795ff60}*SharedItemsImports = 4
		Core.Domain\Core.Domain.projitems*{a1c0aaae-f0f2-4e42-8f95-e81ec5d7bbac}*SharedItemsImports = 13
		Infrastructure.SQLite\Infrastructure.SQLite.projitems*{6fe2618e-500c-4fb3-9c5b-fb64facf9182}*SharedItemsImports = 4
		Core.Domain\Core.Domain.projitems*{6fe2618e-500c-4fb3-9c5b-fb64facf9182}*SharedItemsImports = 4
		Infrastructure.Settings\Infrastructure.Settings.projitems*{6fe2618e-500c-4fb3-9c5b-fb64facf9182}*SharedItemsImports = 4
		Infrastructure.IoC\Infrastructure.IoC.projitems*{6fe2618e-500c-4fb3-9c5b-fb64facf9182}*SharedItemsImports = 4
		Core.Application\Core.Application.projitems*{6fe2618e-500c-4fb3-9c5b-fb64facf9182}*SharedItemsImports = 4
		Infrastructure.IoC\Infrastructure.IoC.projitems*{64243bd5-bb8e-4d47-bc91-3f22378b567a}*SharedItemsImports = 13
		Core.Application\Core.Application.projitems*{b774a14d-1c66-4a79-a303-4da633d1b7e8}*SharedItemsImports = 13
		Infrastructure.Settings\Infrastructure.Settings.projitems*{1e30f2c5-c0bc-47ef-a0db-fe435f5298ed}*SharedItemsImports = 13
		Infrastructure.SQLite\Infrastructure.SQLite.projitems*{5b2fb738-30bd-4b12-81bf-0b6a2544ab84}*SharedItemsImports = 13
	EndGlobalSection
	GlobalSection(SolutionConfigurationPlatforms) = preSolution
		Ad-Hoc|Any CPU = Ad-Hoc|Any CPU
		Ad-Hoc|iPhone = Ad-Hoc|iPhone
		Ad-Hoc|iPhoneSimulator = Ad-Hoc|iPhoneSimulator
		AppStore|Any CPU = AppStore|Any CPU
		AppStore|iPhone = AppStore|iPhone
		AppStore|iPhoneSimulator = AppStore|iPhoneSimulator
		Debug|Any CPU = Debug|Any CPU
		Debug|iPhone = Debug|iPhone
		Debug|iPhoneSimulator = Debug|iPhoneSimulator
		Release|Any CPU = Release|Any CPU
		Release|iPhone = Release|iPhone
		Release|iPhoneSimulator = Release|iPhoneSimulator
	EndGlobalSection
	GlobalSection(ProjectConfigurationPlatforms) = postSolution
		{6FE2618E-500C-4FB3-9C5B-FB64FACF9182}.Ad-Hoc|Any CPU.ActiveCfg = Release|Any CPU
		{6FE2618E-500C-4FB3-9C5B-FB64FACF9182}.Ad-Hoc|Any CPU.Build.0 = Release|Any CPU
		{6FE2618E-500C-4FB3-9C5B-FB64FACF9182}.Ad-Hoc|Any CPU.Deploy.0 = Release|Any CPU
		{6FE2618E-500C-4FB3-9C5B-FB64FACF9182}.Ad-Hoc|iPhone.ActiveCfg = Release|Any CPU
		{6FE2618E-500C-4FB3-9C5B-FB64FACF9182}.Ad-Hoc|iPhone.Build.0 = Release|Any CPU
		{6FE2618E-500C-4FB3-9C5B-FB64FACF9182}.Ad-Hoc|iPhone.Deploy.0 = Release|Any CPU
		{6FE2618E-500C-4FB3-9C5B-FB64FACF9182}.Ad-Hoc|iPhoneSimulator.ActiveCfg = Release|Any CPU
		{6FE2618E-500C-4FB3-9C5B-FB64FACF9182}.Ad-Hoc|iPhoneSimulator.Build.0 = Release|Any CPU
		{6FE2618E-500C-4FB3-9C5B-FB64FACF9182}.Ad-Hoc|iPhoneSimulator.Deploy.0 = Release|Any CPU
		{6FE2618E-500C-4FB3-9C5B-FB64FACF9182}.AppStore|Any CPU.ActiveCfg = Release|Any CPU
		{6FE2618E-500C-4FB3-9C5B-FB64FACF9182}.AppStore|Any CPU.Build.0 = Release|Any CPU
		{6FE2618E-500C-4FB3-9C5B-FB64FACF9182}.AppStore|Any CPU.Deploy.0 = Release|Any CPU
		{6FE2618E-500C-4FB3-9C5B-FB64FACF9182}.AppStore|iPhone.ActiveCfg = Release|Any CPU
		{6FE2618E-500C-4FB3-9C5B-FB64FACF9182}.AppStore|iPhone.Build.0 = Release|Any CPU
		{6FE2618E-500C-4FB3-9C5B-FB64FACF9182}.AppStore|iPhone.Deploy.0 = Release|Any CPU
		{6FE2618E-500C-4FB3-9C5B-FB64FACF9182}.AppStore|iPhoneSimulator.ActiveCfg = Release|Any CPU
		{6FE2618E-500C-4FB3-9C5B-FB64FACF9182}.AppStore|iPhoneSimulator.Build.0 = Release|Any CPU
		{6FE2618E-500C-4FB3-9C5B-FB64FACF9182}.AppStore|iPhoneSimulator.Deploy.0 = Release|Any CPU
		{6FE2618E-500C-4FB3-9C5B-FB64FACF9182}.Debug|Any CPU.ActiveCfg = Debug|Any CPU
		{6FE2618E-500C-4FB3-9C5B-FB64FACF9182}.Debug|Any CPU.Build.0 = Debug|Any CPU
		{6FE2618E-500C-4FB3-9C5B-FB64FACF9182}.Debug|Any CPU.Deploy.0 = Debug|Any CPU
		{6FE2618E-500C-4FB3-9C5B-FB64FACF9182}.Debug|iPhone.ActiveCfg = Debug|Any CPU
		{6FE2618E-500C-4FB3-9C5B-FB64FACF9182}.Debug|iPhone.Build.0 = Debug|Any CPU
		{6FE2618E-500C-4FB3-9C5B-FB64FACF9182}.Debug|iPhone.Deploy.0 = Debug|Any CPU
		{6FE2618E-500C-4FB3-9C5B-FB64FACF9182}.Debug|iPhoneSimulator.ActiveCfg = Debug|Any CPU
		{6FE2618E-500C-4FB3-9C5B-FB64FACF9182}.Debug|iPhoneSimulator.Build.0 = Debug|Any CPU
		{6FE2618E-500C-4FB3-9C5B-FB64FACF9182}.Debug|iPhoneSimulator.Deploy.0 = Debug|Any CPU
		{6FE2618E-500C-4FB3-9C5B-FB64FACF9182}.Release|Any CPU.ActiveCfg = Release|Any CPU
		{6FE2618E-500C-4FB3-9C5B-FB64FACF9182}.Release|Any CPU.Build.0 = Release|Any CPU
		{6FE2618E-500C-4FB3-9C5B-FB64FACF9182}.Release|Any CPU.Deploy.0 = Release|Any CPU
		{6FE2618E-500C-4FB3-9C5B-FB64FACF9182}.Release|iPhone.ActiveCfg = Release|Any CPU
		{6FE2618E-500C-4FB3-9C5B-FB64FACF9182}.Release|iPhone.Build.0 = Release|Any CPU
		{6FE2618E-500C-4FB3-9C5B-FB64FACF9182}.Release|iPhone.Deploy.0 = Release|Any CPU
		{6FE2618E-500C-4FB3-9C5B-FB64FACF9182}.Release|iPhoneSimulator.ActiveCfg = Release|Any CPU
		{6FE2618E-500C-4FB3-9C5B-FB64FACF9182}.Release|iPhoneSimulator.Build.0 = Release|Any CPU
		{6FE2618E-500C-4FB3-9C5B-FB64FACF9182}.Release|iPhoneSimulator.Deploy.0 = Release|Any CPU
		{A9C14B11-320A-46CD-B7DC-3273C795FF60}.Ad-Hoc|Any CPU.ActiveCfg = Ad-Hoc|iPhone
		{A9C14B11-320A-46CD-B7DC-3273C795FF60}.Ad-Hoc|iPhone.ActiveCfg = Ad-Hoc|iPhone
		{A9C14B11-320A-46CD-B7DC-3273C795FF60}.Ad-Hoc|iPhone.Build.0 = Ad-Hoc|iPhone
		{A9C14B11-320A-46CD-B7DC-3273C795FF60}.Ad-Hoc|iPhoneSimulator.ActiveCfg = Ad-Hoc|iPhoneSimulator
		{A9C14B11-320A-46CD-B7DC-3273C795FF60}.Ad-Hoc|iPhoneSimulator.Build.0 = Ad-Hoc|iPhoneSimulator
		{A9C14B11-320A-46CD-B7DC-3273C795FF60}.AppStore|Any CPU.ActiveCfg = AppStore|iPhone
		{A9C14B11-320A-46CD-B7DC-3273C795FF60}.AppStore|iPhone.ActiveCfg = AppStore|iPhone
		{A9C14B11-320A-46CD-B7DC-3273C795FF60}.AppStore|iPhone.Build.0 = AppStore|iPhone
		{A9C14B11-320A-46CD-B7DC-3273C795FF60}.AppStore|iPhoneSimulator.ActiveCfg = AppStore|iPhoneSimulator
		{A9C14B11-320A-46CD-B7DC-3273C795FF60}.AppStore|iPhoneSimulator.Build.0 = AppStore|iPhoneSimulator
		{A9C14B11-320A-46CD-B7DC-3273C795FF60}.Debug|Any CPU.ActiveCfg = Debug|iPhone
		{A9C14B11-320A-46CD-B7DC-3273C795FF60}.Debug|iPhone.ActiveCfg = Debug|iPhone
		{A9C14B11-320A-46CD-B7DC-3273C795FF60}.Debug|iPhone.Build.0 = Debug|iPhone
		{A9C14B11-320A-46CD-B7DC-3273C795FF60}.Debug|iPhoneSimulator.ActiveCfg = Debug|iPhoneSimulator
		{A9C14B11-320A-46CD-B7DC-3273C795FF60}.Debug|iPhoneSimulator.Build.0 = Debug|iPhoneSimulator
		{A9C14B11-320A-46CD-B7DC-3273C795FF60}.Release|Any CPU.ActiveCfg = Release|iPhone
		{A9C14B11-320A-46CD-B7DC-3273C795FF60}.Release|iPhone.ActiveCfg = Release|iPhone
		{A9C14B11-320A-46CD-B7DC-3273C795FF60}.Release|iPhone.Build.0 = Release|iPhone
		{A9C14B11-320A-46CD-B7DC-3273C795FF60}.Release|iPhoneSimulator.ActiveCfg = Release|iPhoneSimulator
		{A9C14B11-320A-46CD-B7DC-3273C795FF60}.Release|iPhoneSimulator.Build.0 = Release|iPhoneSimulator
	EndGlobalSection
	GlobalSection(SolutionProperties) = preSolution
		HideSolutionNode = FALSE
	EndGlobalSection
	GlobalSection(NestedProjects) = preSolution
		{A1C0AAAE-F0F2-4E42-8F95-E81EC5D7BBAC} = {6561CA17-AD56-4ABE-BBE2-AC062BD13E81}
		{B774A14D-1C66-4A79-A303-4DA633D1B7E8} = {6561CA17-AD56-4ABE-BBE2-AC062BD13E81}
		{64243BD5-BB8E-4D47-BC91-3F22378B567A} = {3AE6D262-A880-4BD8-A68F-E462FBE72E95}
		{5B2FB738-30BD-4B12-81BF-0B6A2544AB84} = {3AE6D262-A880-4BD8-A68F-E462FBE72E95}
		{6FE2618E-500C-4FB3-9C5B-FB64FACF9182} = {0DE0F1B1-59DD-4AED-A505-A13F454B0FC9}
		{1E30F2C5-C0BC-47EF-A0DB-FE435F5298ED} = {3AE6D262-A880-4BD8-A68F-E462FBE72E95}
		{A9C14B11-320A-46CD-B7DC-3273C795FF60} = {0DE0F1B1-59DD-4AED-A505-A13F454B0FC9}
	EndGlobalSection
EndGlobal
